
Microsoft Visual Studio Solution File, Format Version 12.00
# Visual Studio Version 17
VisualStudioVersion = 17.8.34330.188
MinimumVisualStudioVersion = 10.0.40219.1
Project("{FAE04EC0-301F-11D3-BF4B-00C04F79EFBC}") = "TopPlayers", "TopPlayers\TopPlayers.csproj", "{589E9075-0F24-4B3B-A75A-6A42DA6E83AD}"
EndProject
Global
	GlobalSection(SolutionConfigurationPlatforms) = preSolution
		Debug|Any CPU = Debug|Any CPU
		Release|Any CPU = Release|Any CPU
	EndGlobalSection
	GlobalSection(ProjectConfigurationPlatforms) = postSolution
		{589E9075-0F24-4B3B-A75A-6A42DA6E83AD}.Debug|Any CPU.ActiveCfg = Debug|Any CPU
		{589E9075-0F24-4B3B-A75A-6A42DA6E83AD}.Debug|Any CPU.Build.0 = Debug|Any CPU
		{589E9075-0F24-4B3B-A75A-6A42DA6E83AD}.Release|Any CPU.ActiveCfg = Release|Any CPU
		{589E9075-0F24-4B3B-A75A-6A42DA6E83AD}.Release|Any CPU.Build.0 = Release|Any CPU
	EndGlobalSection
	GlobalSection(SolutionProperties) = preSolution
		HideSolutionNode = FALSE
	EndGlobalSection
	GlobalSection(ExtensibilityGlobals) = postSolution
		SolutionGuid = {7F2F57E2-2A18-430B-B2E0-9C4AADD9C975}
	EndGlobalSection
EndGlobal
